// !$*UTF8*$!
{
	archiveVersion = 1;
	classes = {
	};
	objectVersion = 50;
	objects = {

/* Begin PBXBuildFile section */
		35C387F326323C2000141DC4 /* PlaylistResponseModel.swift in Sources */ = {isa = PBXBuildFile; fileRef = 35C387F026323C2000141DC4 /* PlaylistResponseModel.swift */; };
		35C387F426323C2000141DC4 /* NetworkHelperProtocols.swift in Sources */ = {isa = PBXBuildFile; fileRef = 35C387F126323C2000141DC4 /* NetworkHelperProtocols.swift */; };
		35C387F526323C2000141DC4 /* NetworkManager.swift in Sources */ = {isa = PBXBuildFile; fileRef = 35C387F226323C2000141DC4 /* NetworkManager.swift */; };
		35C387FD2632471800141DC4 /* PlaylistEndPoint.swift in Sources */ = {isa = PBXBuildFile; fileRef = 35C387FC2632471800141DC4 /* PlaylistEndPoint.swift */; };
		35C3880626324F9900141DC4 /* TrackListViewModel.swift in Sources */ = {isa = PBXBuildFile; fileRef = 35C3880526324F9900141DC4 /* TrackListViewModel.swift */; };
		35C3881F2633050000141DC4 /* EndPointProtocol.swift in Sources */ = {isa = PBXBuildFile; fileRef = 35C3881E2633050000141DC4 /* EndPointProtocol.swift */; };
		35C3882D263305E700141DC4 /* NetworkError.swift in Sources */ = {isa = PBXBuildFile; fileRef = 35C3882C263305E700141DC4 /* NetworkError.swift */; };
		35C388322633062C00141DC4 /* JSONParamEncoder.swift in Sources */ = {isa = PBXBuildFile; fileRef = 35C388312633062C00141DC4 /* JSONParamEncoder.swift */; };
		35C3883D26330CB600141DC4 /* NetworkLayerTests.swift in Sources */ = {isa = PBXBuildFile; fileRef = 35C3883C26330CB600141DC4 /* NetworkLayerTests.swift */; };
		35C388482633156200141DC4 /* TrackListViewControllerTests.swift in Sources */ = {isa = PBXBuildFile; fileRef = 35C388472633156200141DC4 /* TrackListViewControllerTests.swift */; };
		DED886352555588D00A37DC2 /* AppDelegate.swift in Sources */ = {isa = PBXBuildFile; fileRef = DED886342555588D00A37DC2 /* AppDelegate.swift */; };
		DED886372555588D00A37DC2 /* SceneDelegate.swift in Sources */ = {isa = PBXBuildFile; fileRef = DED886362555588D00A37DC2 /* SceneDelegate.swift */; };
		DED886392555588D00A37DC2 /* TrackListViewController.swift in Sources */ = {isa = PBXBuildFile; fileRef = DED886382555588D00A37DC2 /* TrackListViewController.swift */; };
		DED8863E2555588D00A37DC2 /* PlayList.storyboard in Resources */ = {isa = PBXBuildFile; fileRef = DED8863C2555588D00A37DC2 /* PlayList.storyboard */; };
		DED886412555588D00A37DC2 /* database.xcdatamodeld in Sources */ = {isa = PBXBuildFile; fileRef = DED8863F2555588D00A37DC2 /* database.xcdatamodeld */; };
		DED886432555589000A37DC2 /* Assets.xcassets in Resources */ = {isa = PBXBuildFile; fileRef = DED886422555589000A37DC2 /* Assets.xcassets */; };
		DED886462555589000A37DC2 /* LaunchScreen.storyboard in Resources */ = {isa = PBXBuildFile; fileRef = DED886442555589000A37DC2 /* LaunchScreen.storyboard */; };
		DED8865C2555589000A37DC2 /* iOSRefactoringChallengeUITests.swift in Sources */ = {isa = PBXBuildFile; fileRef = DED8865B2555589000A37DC2 /* iOSRefactoringChallengeUITests.swift */; };
/* End PBXBuildFile section */

/* Begin PBXContainerItemProxy section */
		DED8864D2555589000A37DC2 /* PBXContainerItemProxy */ = {
			isa = PBXContainerItemProxy;
			containerPortal = DED886292555588D00A37DC2 /* Project object */;
			proxyType = 1;
			remoteGlobalIDString = DED886302555588D00A37DC2;
			remoteInfo = "iOS-candidate-challenge-for-refactor";
		};
		DED886582555589000A37DC2 /* PBXContainerItemProxy */ = {
			isa = PBXContainerItemProxy;
			containerPortal = DED886292555588D00A37DC2 /* Project object */;
			proxyType = 1;
			remoteGlobalIDString = DED886302555588D00A37DC2;
			remoteInfo = "iOS-candidate-challenge-for-refactor";
		};
/* End PBXContainerItemProxy section */

/* Begin PBXFileReference section */
		35C387F026323C2000141DC4 /* PlaylistResponseModel.swift */ = {isa = PBXFileReference; fileEncoding = 4; lastKnownFileType = sourcecode.swift; path = PlaylistResponseModel.swift; sourceTree = "<group>"; };
		35C387F126323C2000141DC4 /* NetworkHelperProtocols.swift */ = {isa = PBXFileReference; fileEncoding = 4; lastKnownFileType = sourcecode.swift; path = NetworkHelperProtocols.swift; sourceTree = "<group>"; };
		35C387F226323C2000141DC4 /* NetworkManager.swift */ = {isa = PBXFileReference; fileEncoding = 4; lastKnownFileType = sourcecode.swift; path = NetworkManager.swift; sourceTree = "<group>"; };
		35C387FC2632471800141DC4 /* PlaylistEndPoint.swift */ = {isa = PBXFileReference; lastKnownFileType = sourcecode.swift; path = PlaylistEndPoint.swift; sourceTree = "<group>"; };
		35C3880526324F9900141DC4 /* TrackListViewModel.swift */ = {isa = PBXFileReference; lastKnownFileType = sourcecode.swift; path = TrackListViewModel.swift; sourceTree = "<group>"; };
		35C3881E2633050000141DC4 /* EndPointProtocol.swift */ = {isa = PBXFileReference; lastKnownFileType = sourcecode.swift; path = EndPointProtocol.swift; sourceTree = "<group>"; };
		35C3882C263305E700141DC4 /* NetworkError.swift */ = {isa = PBXFileReference; lastKnownFileType = sourcecode.swift; path = NetworkError.swift; sourceTree = "<group>"; };
		35C388312633062C00141DC4 /* JSONParamEncoder.swift */ = {isa = PBXFileReference; lastKnownFileType = sourcecode.swift; path = JSONParamEncoder.swift; sourceTree = "<group>"; };
		35C3883C26330CB600141DC4 /* NetworkLayerTests.swift */ = {isa = PBXFileReference; lastKnownFileType = sourcecode.swift; path = NetworkLayerTests.swift; sourceTree = "<group>"; };
		35C388472633156200141DC4 /* TrackListViewControllerTests.swift */ = {isa = PBXFileReference; lastKnownFileType = sourcecode.swift; path = TrackListViewControllerTests.swift; sourceTree = "<group>"; };
		DED886312555588D00A37DC2 /* iOSRefactoringChallenge.app */ = {isa = PBXFileReference; explicitFileType = wrapper.application; includeInIndex = 0; path = iOSRefactoringChallenge.app; sourceTree = BUILT_PRODUCTS_DIR; };
		DED886342555588D00A37DC2 /* AppDelegate.swift */ = {isa = PBXFileReference; lastKnownFileType = sourcecode.swift; path = AppDelegate.swift; sourceTree = "<group>"; };
		DED886362555588D00A37DC2 /* SceneDelegate.swift */ = {isa = PBXFileReference; lastKnownFileType = sourcecode.swift; path = SceneDelegate.swift; sourceTree = "<group>"; };
		DED886382555588D00A37DC2 /* TrackListViewController.swift */ = {isa = PBXFileReference; lastKnownFileType = sourcecode.swift; path = TrackListViewController.swift; sourceTree = "<group>"; };
		DED8863D2555588D00A37DC2 /* Base */ = {isa = PBXFileReference; lastKnownFileType = file.storyboard; name = Base; path = Base.lproj/PlayList.storyboard; sourceTree = "<group>"; };
		DED886402555588D00A37DC2 /* iOS_candidate_challenge_for_refactor.xcdatamodel */ = {isa = PBXFileReference; lastKnownFileType = wrapper.xcdatamodel; path = iOS_candidate_challenge_for_refactor.xcdatamodel; sourceTree = "<group>"; };
		DED886422555589000A37DC2 /* Assets.xcassets */ = {isa = PBXFileReference; lastKnownFileType = folder.assetcatalog; path = Assets.xcassets; sourceTree = "<group>"; };
		DED886452555589000A37DC2 /* Base */ = {isa = PBXFileReference; lastKnownFileType = file.storyboard; name = Base; path = Base.lproj/LaunchScreen.storyboard; sourceTree = "<group>"; };
		DED886472555589000A37DC2 /* Info.plist */ = {isa = PBXFileReference; lastKnownFileType = text.plist.xml; path = Info.plist; sourceTree = "<group>"; };
		DED8864C2555589000A37DC2 /* iOSRefactoringChallengeTests.xctest */ = {isa = PBXFileReference; explicitFileType = wrapper.cfbundle; includeInIndex = 0; path = iOSRefactoringChallengeTests.xctest; sourceTree = BUILT_PRODUCTS_DIR; };
		DED886522555589000A37DC2 /* Info.plist */ = {isa = PBXFileReference; lastKnownFileType = text.plist.xml; path = Info.plist; sourceTree = "<group>"; };
		DED886572555589000A37DC2 /* iOSRefactoringChallengeUITests.xctest */ = {isa = PBXFileReference; explicitFileType = wrapper.cfbundle; includeInIndex = 0; path = iOSRefactoringChallengeUITests.xctest; sourceTree = BUILT_PRODUCTS_DIR; };
		DED8865B2555589000A37DC2 /* iOSRefactoringChallengeUITests.swift */ = {isa = PBXFileReference; lastKnownFileType = sourcecode.swift; path = iOSRefactoringChallengeUITests.swift; sourceTree = "<group>"; };
		DED8865D2555589000A37DC2 /* Info.plist */ = {isa = PBXFileReference; lastKnownFileType = text.plist.xml; path = Info.plist; sourceTree = "<group>"; };
/* End PBXFileReference section */

/* Begin PBXFrameworksBuildPhase section */
		DED8862E2555588D00A37DC2 /* Frameworks */ = {
			isa = PBXFrameworksBuildPhase;
			buildActionMask = 2147483647;
			files = (
			);
			runOnlyForDeploymentPostprocessing = 0;
		};
		DED886492555589000A37DC2 /* Frameworks */ = {
			isa = PBXFrameworksBuildPhase;
			buildActionMask = 2147483647;
			files = (
			);
			runOnlyForDeploymentPostprocessing = 0;
		};
		DED886542555589000A37DC2 /* Frameworks */ = {
			isa = PBXFrameworksBuildPhase;
			buildActionMask = 2147483647;
			files = (
			);
			runOnlyForDeploymentPostprocessing = 0;
		};
/* End PBXFrameworksBuildPhase section */

/* Begin PBXGroup section */
		352F88A92631D921002371C5 /* PlayListScreen */ = {
			isa = PBXGroup;
			children = (
				35C388132633006900141DC4 /* Storyboard */,
				DED886382555588D00A37DC2 /* TrackListViewController.swift */,
				35C3880526324F9900141DC4 /* TrackListViewModel.swift */,
			);
			path = PlayListScreen;
			sourceTree = "<group>";
		};
		35C387EE26323C2000141DC4 /* Networking */ = {
			isa = PBXGroup;
			children = (
				35C387F226323C2000141DC4 /* NetworkManager.swift */,
				35C3881E2633050000141DC4 /* EndPointProtocol.swift */,
				35C38804263249EF00141DC4 /* playlistEndPoint */,
				35C388172633040700141DC4 /* NetworkHelpers */,
			);
			path = Networking;
			sourceTree = "<group>";
		};
		35C387EF26323C2000141DC4 /* response model */ = {
			isa = PBXGroup;
			children = (
				35C387F026323C2000141DC4 /* PlaylistResponseModel.swift */,
			);
			path = "response model";
			sourceTree = "<group>";
		};
		35C38804263249EF00141DC4 /* playlistEndPoint */ = {
			isa = PBXGroup;
			children = (
				35C387FC2632471800141DC4 /* PlaylistEndPoint.swift */,
				35C387EF26323C2000141DC4 /* response model */,
			);
			path = playlistEndPoint;
			sourceTree = "<group>";
		};
		35C388132633006900141DC4 /* Storyboard */ = {
			isa = PBXGroup;
			children = (
				DED8863C2555588D00A37DC2 /* PlayList.storyboard */,
			);
			path = Storyboard;
			sourceTree = "<group>";
		};
		35C388172633040700141DC4 /* NetworkHelpers */ = {
			isa = PBXGroup;
			children = (
				35C387F126323C2000141DC4 /* NetworkHelperProtocols.swift */,
				35C3882C263305E700141DC4 /* NetworkError.swift */,
				35C388312633062C00141DC4 /* JSONParamEncoder.swift */,
			);
			path = NetworkHelpers;
			sourceTree = "<group>";
		};
		DED886282555588D00A37DC2 = {
			isa = PBXGroup;
			children = (
				DED886332555588D00A37DC2 /* iOSRefactoringChallenge */,
				DED8864F2555589000A37DC2 /* iOSRefactoringChalengeTests */,
				DED8865A2555589000A37DC2 /* iOSRefactoringChallengeUITests */,
				DED886322555588D00A37DC2 /* Products */,
			);
			sourceTree = "<group>";
		};
		DED886322555588D00A37DC2 /* Products */ = {
			isa = PBXGroup;
			children = (
				DED886312555588D00A37DC2 /* iOSRefactoringChallenge.app */,
				DED8864C2555589000A37DC2 /* iOSRefactoringChallengeTests.xctest */,
				DED886572555589000A37DC2 /* iOSRefactoringChallengeUITests.xctest */,
			);
			name = Products;
			sourceTree = "<group>";
		};
		DED886332555588D00A37DC2 /* iOSRefactoringChallenge */ = {
			isa = PBXGroup;
			children = (
				35C387EE26323C2000141DC4 /* Networking */,
				352F88A92631D921002371C5 /* PlayListScreen */,
				DED886342555588D00A37DC2 /* AppDelegate.swift */,
				DED886362555588D00A37DC2 /* SceneDelegate.swift */,
				DED886422555589000A37DC2 /* Assets.xcassets */,
				DED886442555589000A37DC2 /* LaunchScreen.storyboard */,
				DED886472555589000A37DC2 /* Info.plist */,
				DED8863F2555588D00A37DC2 /* database.xcdatamodeld */,
			);
			path = iOSRefactoringChallenge;
			sourceTree = "<group>";
		};
		DED8864F2555589000A37DC2 /* iOSRefactoringChalengeTests */ = {
			isa = PBXGroup;
			children = (
				DED886522555589000A37DC2 /* Info.plist */,
				35C3883C26330CB600141DC4 /* NetworkLayerTests.swift */,
				35C388472633156200141DC4 /* TrackListViewControllerTests.swift */,
			);
			path = iOSRefactoringChalengeTests;
			sourceTree = "<group>";
		};
		DED8865A2555589000A37DC2 /* iOSRefactoringChallengeUITests */ = {
			isa = PBXGroup;
			children = (
				DED8865B2555589000A37DC2 /* iOSRefactoringChallengeUITests.swift */,
				DED8865D2555589000A37DC2 /* Info.plist */,
			);
			path = iOSRefactoringChallengeUITests;
			sourceTree = "<group>";
		};
/* End PBXGroup section */

/* Begin PBXNativeTarget section */
		DED886302555588D00A37DC2 /* iOSRefactoringChallenge */ = {
			isa = PBXNativeTarget;
			buildConfigurationList = DED886602555589000A37DC2 /* Build configuration list for PBXNativeTarget "iOSRefactoringChallenge" */;
			buildPhases = (
				DED8862D2555588D00A37DC2 /* Sources */,
				DED8862E2555588D00A37DC2 /* Frameworks */,
				DED8862F2555588D00A37DC2 /* Resources */,
			);
			buildRules = (
			);
			dependencies = (
			);
			name = iOSRefactoringChallenge;
			productName = "iOS-candidate-challenge-for-refactor";
			productReference = DED886312555588D00A37DC2 /* iOSRefactoringChallenge.app */;
			productType = "com.apple.product-type.application";
		};
		DED8864B2555589000A37DC2 /* iOSRefactoringChallengeTests */ = {
			isa = PBXNativeTarget;
			buildConfigurationList = DED886632555589000A37DC2 /* Build configuration list for PBXNativeTarget "iOSRefactoringChallengeTests" */;
			buildPhases = (
				DED886482555589000A37DC2 /* Sources */,
				DED886492555589000A37DC2 /* Frameworks */,
				DED8864A2555589000A37DC2 /* Resources */,
			);
			buildRules = (
			);
			dependencies = (
				DED8864E2555589000A37DC2 /* PBXTargetDependency */,
			);
			name = iOSRefactoringChallengeTests;
			productName = "iOS-candidate-challenge-for-refactorTests";
			productReference = DED8864C2555589000A37DC2 /* iOSRefactoringChallengeTests.xctest */;
			productType = "com.apple.product-type.bundle.unit-test";
		};
		DED886562555589000A37DC2 /* iOSRefactoringChallengeUITests */ = {
			isa = PBXNativeTarget;
			buildConfigurationList = DED886662555589000A37DC2 /* Build configuration list for PBXNativeTarget "iOSRefactoringChallengeUITests" */;
			buildPhases = (
				DED886532555589000A37DC2 /* Sources */,
				DED886542555589000A37DC2 /* Frameworks */,
				DED886552555589000A37DC2 /* Resources */,
			);
			buildRules = (
			);
			dependencies = (
				DED886592555589000A37DC2 /* PBXTargetDependency */,
			);
			name = iOSRefactoringChallengeUITests;
			productName = "iOS-candidate-challenge-for-refactorUITests";
			productReference = DED886572555589000A37DC2 /* iOSRefactoringChallengeUITests.xctest */;
			productType = "com.apple.product-type.bundle.ui-testing";
		};
/* End PBXNativeTarget section */

/* Begin PBXProject section */
		DED886292555588D00A37DC2 /* Project object */ = {
			isa = PBXProject;
			attributes = {
				LastSwiftUpdateCheck = 1170;
				LastUpgradeCheck = 1170;
				ORGANIZATIONNAME = SoundCloud;
				TargetAttributes = {
					DED886302555588D00A37DC2 = {
						CreatedOnToolsVersion = 11.7;
					};
					DED8864B2555589000A37DC2 = {
						CreatedOnToolsVersion = 11.7;
						TestTargetID = DED886302555588D00A37DC2;
					};
					DED886562555589000A37DC2 = {
						CreatedOnToolsVersion = 11.7;
						TestTargetID = DED886302555588D00A37DC2;
					};
				};
			};
			buildConfigurationList = DED8862C2555588D00A37DC2 /* Build configuration list for PBXProject "iOSRefactoringChallenge" */;
			compatibilityVersion = "Xcode 9.3";
			developmentRegion = en;
			hasScannedForEncodings = 0;
			knownRegions = (
				en,
				Base,
			);
			mainGroup = DED886282555588D00A37DC2;
			productRefGroup = DED886322555588D00A37DC2 /* Products */;
			projectDirPath = "";
			projectRoot = "";
			targets = (
				DED886302555588D00A37DC2 /* iOSRefactoringChallenge */,
				DED8864B2555589000A37DC2 /* iOSRefactoringChallengeTests */,
				DED886562555589000A37DC2 /* iOSRefactoringChallengeUITests */,
			);
		};
/* End PBXProject section */

/* Begin PBXResourcesBuildPhase section */
		DED8862F2555588D00A37DC2 /* Resources */ = {
			isa = PBXResourcesBuildPhase;
			buildActionMask = 2147483647;
			files = (
				DED886462555589000A37DC2 /* LaunchScreen.storyboard in Resources */,
				DED886432555589000A37DC2 /* Assets.xcassets in Resources */,
				DED8863E2555588D00A37DC2 /* PlayList.storyboard in Resources */,
			);
			runOnlyForDeploymentPostprocessing = 0;
		};
		DED8864A2555589000A37DC2 /* Resources */ = {
			isa = PBXResourcesBuildPhase;
			buildActionMask = 2147483647;
			files = (
			);
			runOnlyForDeploymentPostprocessing = 0;
		};
		DED886552555589000A37DC2 /* Resources */ = {
			isa = PBXResourcesBuildPhase;
			buildActionMask = 2147483647;
			files = (
			);
			runOnlyForDeploymentPostprocessing = 0;
		};
/* End PBXResourcesBuildPhase section */

/* Begin PBXSourcesBuildPhase section */
		DED8862D2555588D00A37DC2 /* Sources */ = {
			isa = PBXSourcesBuildPhase;
			buildActionMask = 2147483647;
			files = (
				DED886412555588D00A37DC2 /* database.xcdatamodeld in Sources */,
				35C387F526323C2000141DC4 /* NetworkManager.swift in Sources */,
				35C3881F2633050000141DC4 /* EndPointProtocol.swift in Sources */,
				35C387F326323C2000141DC4 /* PlaylistResponseModel.swift in Sources */,
				35C388322633062C00141DC4 /* JSONParamEncoder.swift in Sources */,
				35C3880626324F9900141DC4 /* TrackListViewModel.swift in Sources */,
				35C387F426323C2000141DC4 /* NetworkHelperProtocols.swift in Sources */,
				DED886392555588D00A37DC2 /* TrackListViewController.swift in Sources */,
				DED886352555588D00A37DC2 /* AppDelegate.swift in Sources */,
				DED886372555588D00A37DC2 /* SceneDelegate.swift in Sources */,
				35C3882D263305E700141DC4 /* NetworkError.swift in Sources */,
				35C387FD2632471800141DC4 /* PlaylistEndPoint.swift in Sources */,
			);
			runOnlyForDeploymentPostprocessing = 0;
		};
		DED886482555589000A37DC2 /* Sources */ = {
			isa = PBXSourcesBuildPhase;
			buildActionMask = 2147483647;
			files = (
				35C388482633156200141DC4 /* TrackListViewControllerTests.swift in Sources */,
				35C3883D26330CB600141DC4 /* NetworkLayerTests.swift in Sources */,
			);
			runOnlyForDeploymentPostprocessing = 0;
		};
		DED886532555589000A37DC2 /* Sources */ = {
			isa = PBXSourcesBuildPhase;
			buildActionMask = 2147483647;
			files = (
				DED8865C2555589000A37DC2 /* iOSRefactoringChallengeUITests.swift in Sources */,
			);
			runOnlyForDeploymentPostprocessing = 0;
		};
/* End PBXSourcesBuildPhase section */

/* Begin PBXTargetDependency section */
		DED8864E2555589000A37DC2 /* PBXTargetDependency */ = {
			isa = PBXTargetDependency;
			target = DED886302555588D00A37DC2 /* iOSRefactoringChallenge */;
			targetProxy = DED8864D2555589000A37DC2 /* PBXContainerItemProxy */;
		};
		DED886592555589000A37DC2 /* PBXTargetDependency */ = {
			isa = PBXTargetDependency;
			target = DED886302555588D00A37DC2 /* iOSRefactoringChallenge */;
			targetProxy = DED886582555589000A37DC2 /* PBXContainerItemProxy */;
		};
/* End PBXTargetDependency section */

/* Begin PBXVariantGroup section */
		DED8863C2555588D00A37DC2 /* PlayList.storyboard */ = {
			isa = PBXVariantGroup;
			children = (
				DED8863D2555588D00A37DC2 /* Base */,
			);
			name = PlayList.storyboard;
			sourceTree = "<group>";
		};
		DED886442555589000A37DC2 /* LaunchScreen.storyboard */ = {
			isa = PBXVariantGroup;
			children = (
				DED886452555589000A37DC2 /* Base */,
			);
			name = LaunchScreen.storyboard;
			sourceTree = "<group>";
		};
/* End PBXVariantGroup section */

/* Begin XCBuildConfiguration section */
		DED8865E2555589000A37DC2 /* Debug */ = {
			isa = XCBuildConfiguration;
			buildSettings = {
				ALWAYS_SEARCH_USER_PATHS = NO;
				CLANG_ANALYZER_NONNULL = YES;
				CLANG_ANALYZER_NUMBER_OBJECT_CONVERSION = YES_AGGRESSIVE;
				CLANG_CXX_LANGUAGE_STANDARD = "gnu++14";
				CLANG_CXX_LIBRARY = "libc++";
				CLANG_ENABLE_MODULES = YES;
				CLANG_ENABLE_OBJC_ARC = YES;
				CLANG_ENABLE_OBJC_WEAK = YES;
				CLANG_WARN_BLOCK_CAPTURE_AUTORELEASING = YES;
				CLANG_WARN_BOOL_CONVERSION = YES;
				CLANG_WARN_COMMA = YES;
				CLANG_WARN_CONSTANT_CONVERSION = YES;
				CLANG_WARN_DEPRECATED_OBJC_IMPLEMENTATIONS = YES;
				CLANG_WARN_DIRECT_OBJC_ISA_USAGE = YES_ERROR;
				CLANG_WARN_DOCUMENTATION_COMMENTS = YES;
				CLANG_WARN_EMPTY_BODY = YES;
				CLANG_WARN_ENUM_CONVERSION = YES;
				CLANG_WARN_INFINITE_RECURSION = YES;
				CLANG_WARN_INT_CONVERSION = YES;
				CLANG_WARN_NON_LITERAL_NULL_CONVERSION = YES;
				CLANG_WARN_OBJC_IMPLICIT_RETAIN_SELF = YES;
				CLANG_WARN_OBJC_LITERAL_CONVERSION = YES;
				CLANG_WARN_OBJC_ROOT_CLASS = YES_ERROR;
				CLANG_WARN_RANGE_LOOP_ANALYSIS = YES;
				CLANG_WARN_STRICT_PROTOTYPES = YES;
				CLANG_WARN_SUSPICIOUS_MOVE = YES;
				CLANG_WARN_UNGUARDED_AVAILABILITY = YES_AGGRESSIVE;
				CLANG_WARN_UNREACHABLE_CODE = YES;
				CLANG_WARN__DUPLICATE_METHOD_MATCH = YES;
				COPY_PHASE_STRIP = NO;
				DEBUG_INFORMATION_FORMAT = dwarf;
				ENABLE_STRICT_OBJC_MSGSEND = YES;
				ENABLE_TESTABILITY = YES;
				GCC_C_LANGUAGE_STANDARD = gnu11;
				GCC_DYNAMIC_NO_PIC = NO;
				GCC_NO_COMMON_BLOCKS = YES;
				GCC_OPTIMIZATION_LEVEL = 0;
				GCC_PREPROCESSOR_DEFINITIONS = (
					"DEBUG=1",
					"$(inherited)",
				);
				GCC_WARN_64_TO_32_BIT_CONVERSION = YES;
				GCC_WARN_ABOUT_RETURN_TYPE = YES_ERROR;
				GCC_WARN_UNDECLARED_SELECTOR = YES;
				GCC_WARN_UNINITIALIZED_AUTOS = YES_AGGRESSIVE;
				GCC_WARN_UNUSED_FUNCTION = YES;
				GCC_WARN_UNUSED_VARIABLE = YES;
				IPHONEOS_DEPLOYMENT_TARGET = 13.7;
				MTL_ENABLE_DEBUG_INFO = INCLUDE_SOURCE;
				MTL_FAST_MATH = YES;
				ONLY_ACTIVE_ARCH = YES;
				SDKROOT = iphoneos;
				SWIFT_ACTIVE_COMPILATION_CONDITIONS = DEBUG;
				SWIFT_OPTIMIZATION_LEVEL = "-Onone";
			};
			name = Debug;
		};
		DED8865F2555589000A37DC2 /* Release */ = {
			isa = XCBuildConfiguration;
			buildSettings = {
				ALWAYS_SEARCH_USER_PATHS = NO;
				CLANG_ANALYZER_NONNULL = YES;
				CLANG_ANALYZER_NUMBER_OBJECT_CONVERSION = YES_AGGRESSIVE;
				CLANG_CXX_LANGUAGE_STANDARD = "gnu++14";
				CLANG_CXX_LIBRARY = "libc++";
				CLANG_ENABLE_MODULES = YES;
				CLANG_ENABLE_OBJC_ARC = YES;
				CLANG_ENABLE_OBJC_WEAK = YES;
				CLANG_WARN_BLOCK_CAPTURE_AUTORELEASING = YES;
				CLANG_WARN_BOOL_CONVERSION = YES;
				CLANG_WARN_COMMA = YES;
				CLANG_WARN_CONSTANT_CONVERSION = YES;
				CLANG_WARN_DEPRECATED_OBJC_IMPLEMENTATIONS = YES;
				CLANG_WARN_DIRECT_OBJC_ISA_USAGE = YES_ERROR;
				CLANG_WARN_DOCUMENTATION_COMMENTS = YES;
				CLANG_WARN_EMPTY_BODY = YES;
				CLANG_WARN_ENUM_CONVERSION = YES;
				CLANG_WARN_INFINITE_RECURSION = YES;
				CLANG_WARN_INT_CONVERSION = YES;
				CLANG_WARN_NON_LITERAL_NULL_CONVERSION = YES;
				CLANG_WARN_OBJC_IMPLICIT_RETAIN_SELF = YES;
				CLANG_WARN_OBJC_LITERAL_CONVERSION = YES;
				CLANG_WARN_OBJC_ROOT_CLASS = YES_ERROR;
				CLANG_WARN_RANGE_LOOP_ANALYSIS = YES;
				CLANG_WARN_STRICT_PROTOTYPES = YES;
				CLANG_WARN_SUSPICIOUS_MOVE = YES;
				CLANG_WARN_UNGUARDED_AVAILABILITY = YES_AGGRESSIVE;
				CLANG_WARN_UNREACHABLE_CODE = YES;
				CLANG_WARN__DUPLICATE_METHOD_MATCH = YES;
				COPY_PHASE_STRIP = NO;
				DEBUG_INFORMATION_FORMAT = "dwarf-with-dsym";
				ENABLE_NS_ASSERTIONS = NO;
				ENABLE_STRICT_OBJC_MSGSEND = YES;
				GCC_C_LANGUAGE_STANDARD = gnu11;
				GCC_NO_COMMON_BLOCKS = YES;
				GCC_WARN_64_TO_32_BIT_CONVERSION = YES;
				GCC_WARN_ABOUT_RETURN_TYPE = YES_ERROR;
				GCC_WARN_UNDECLARED_SELECTOR = YES;
				GCC_WARN_UNINITIALIZED_AUTOS = YES_AGGRESSIVE;
				GCC_WARN_UNUSED_FUNCTION = YES;
				GCC_WARN_UNUSED_VARIABLE = YES;
				IPHONEOS_DEPLOYMENT_TARGET = 13.7;
				MTL_ENABLE_DEBUG_INFO = NO;
				MTL_FAST_MATH = YES;
				SDKROOT = iphoneos;
				SWIFT_COMPILATION_MODE = wholemodule;
				SWIFT_OPTIMIZATION_LEVEL = "-O";
				VALIDATE_PRODUCT = YES;
			};
			name = Release;
		};
		DED886612555589000A37DC2 /* Debug */ = {
			isa = XCBuildConfiguration;
			buildSettings = {
				ASSETCATALOG_COMPILER_APPICON_NAME = AppIcon;
				CODE_SIGN_STYLE = Automatic;
				DEVELOPMENT_TEAM = DYCE69573Q;
				INFOPLIST_FILE = "$(SRCROOT)/iOSRefactoringChallenge/Info.plist";
				IPHONEOS_DEPLOYMENT_TARGET = 13.0;
				LD_RUNPATH_SEARCH_PATHS = (
					"$(inherited)",
					"@executable_path/Frameworks",
				);
				PRODUCT_BUNDLE_IDENTIFIER = com.soundcloud.iOSRefactoringChallenge;
				PRODUCT_NAME = iOSRefactoringChallenge;
				SWIFT_VERSION = 5.0;
				TARGETED_DEVICE_FAMILY = "1,2";
			};
			name = Debug;
		};
		DED886622555589000A37DC2 /* Release */ = {
			isa = XCBuildConfiguration;
			buildSettings = {
				ASSETCATALOG_COMPILER_APPICON_NAME = AppIcon;
				CODE_SIGN_STYLE = Automatic;
				DEVELOPMENT_TEAM = DYCE69573Q;
				INFOPLIST_FILE = "$(SRCROOT)/iOSRefactoringChallenge/Info.plist";
				IPHONEOS_DEPLOYMENT_TARGET = 13.0;
				LD_RUNPATH_SEARCH_PATHS = (
					"$(inherited)",
					"@executable_path/Frameworks",
				);
				PRODUCT_BUNDLE_IDENTIFIER = com.soundcloud.iOSRefactoringChallenge;
				PRODUCT_NAME = iOSRefactoringChallenge;
				SWIFT_VERSION = 5.0;
				TARGETED_DEVICE_FAMILY = "1,2";
			};
			name = Release;
		};
		DED886642555589000A37DC2 /* Debug */ = {
			isa = XCBuildConfiguration;
			buildSettings = {
				ALWAYS_EMBED_SWIFT_STANDARD_LIBRARIES = YES;
				BUNDLE_LOADER = "$(TEST_HOST)";
				CODE_SIGN_STYLE = Automatic;
				DEVELOPMENT_TEAM = DYCE69573Q;
				INFOPLIST_FILE = iOSRefactoringChallenge/Info.plist;
				IPHONEOS_DEPLOYMENT_TARGET = 13.7;
				LD_RUNPATH_SEARCH_PATHS = (
					"$(inherited)",
					"@executable_path/Frameworks",
					"@loader_path/Frameworks",
				);
				PRODUCT_BUNDLE_IDENTIFIER = iOSRefactoringChallengeTests;
				PRODUCT_NAME = "$(TARGET_NAME)";
				SWIFT_VERSION = 5.0;
				TARGETED_DEVICE_FAMILY = "1,2";
				TEST_HOST = "$(BUILT_PRODUCTS_DIR)/iOSRefactoringChallenge.app/iOSRefactoringChallenge";
			};
			name = Debug;
		};
		DED886652555589000A37DC2 /* Release */ = {
			isa = XCBuildConfiguration;
			buildSettings = {
				ALWAYS_EMBED_SWIFT_STANDARD_LIBRARIES = YES;
				BUNDLE_LOADER = "$(TEST_HOST)";
				CODE_SIGN_STYLE = Automatic;
				DEVELOPMENT_TEAM = DYCE69573Q;
				INFOPLIST_FILE = iOSRefactoringChallenge/Info.plist;
				IPHONEOS_DEPLOYMENT_TARGET = 13.7;
				LD_RUNPATH_SEARCH_PATHS = (
					"$(inherited)",
					"@executable_path/Frameworks",
					"@loader_path/Frameworks",
				);
				PRODUCT_BUNDLE_IDENTIFIER = iOSRefactoringChallengeTests;
				PRODUCT_NAME = "$(TARGET_NAME)";
				SWIFT_VERSION = 5.0;
				TARGETED_DEVICE_FAMILY = "1,2";
				TEST_HOST = "$(BUILT_PRODUCTS_DIR)/iOSRefactoringChallenge.app/iOSRefactoringChallenge";
			};
			name = Release;
		};
		DED886672555589000A37DC2 /* Debug */ = {
			isa = XCBuildConfiguration;
			buildSettings = {
				ALWAYS_EMBED_SWIFT_STANDARD_LIBRARIES = YES;
				CODE_SIGN_STYLE = Automatic;
				DEVELOPMENT_TEAM = DYCE69573Q;
				INFOPLIST_FILE = iOSRefactoringChallenge/Info.plist;
				LD_RUNPATH_SEARCH_PATHS = (
					"$(inherited)",
					"@executable_path/Frameworks",
					"@loader_path/Frameworks",
				);
				PRODUCT_BUNDLE_IDENTIFIER = iOSRefactoringChallengeTestsUITests;
				PRODUCT_NAME = "$(TARGET_NAME)";
				SWIFT_VERSION = 5.0;
				TARGETED_DEVICE_FAMILY = "1,2";
				TEST_TARGET_NAME = "iOS-candidate-challenge-for-refactor";
			};
			name = Debug;
		};
		DED886682555589000A37DC2 /* Release */ = {
			isa = XCBuildConfiguration;
			buildSettings = {
				ALWAYS_EMBED_SWIFT_STANDARD_LIBRARIES = YES;
				CODE_SIGN_STYLE = Automatic;
				DEVELOPMENT_TEAM = DYCE69573Q;
				INFOPLIST_FILE = iOSRefactoringChallenge/Info.plist;
				LD_RUNPATH_SEARCH_PATHS = (
					"$(inherited)",
					"@executable_path/Frameworks",
					"@loader_path/Frameworks",
				);
				PRODUCT_BUNDLE_IDENTIFIER = iOSRefactoringChallengeTestsUITests;
				PRODUCT_NAME = "$(TARGET_NAME)";
				SWIFT_VERSION = 5.0;
				TARGETED_DEVICE_FAMILY = "1,2";
				TEST_TARGET_NAME = "iOS-candidate-challenge-for-refactor";
			};
			name = Release;
		};
/* End XCBuildConfiguration section */

/* Begin XCConfigurationList section */
		DED8862C2555588D00A37DC2 /* Build configuration list for PBXProject "iOSRefactoringChallenge" */ = {
			isa = XCConfigurationList;
			buildConfigurations = (
				DED8865E2555589000A37DC2 /* Debug */,
				DED8865F2555589000A37DC2 /* Release */,
			);
			defaultConfigurationIsVisible = 0;
			defaultConfigurationName = Release;
		};
		DED886602555589000A37DC2 /* Build configuration list for PBXNativeTarget "iOSRefactoringChallenge" */ = {
			isa = XCConfigurationList;
			buildConfigurations = (
				DED886612555589000A37DC2 /* Debug */,
				DED886622555589000A37DC2 /* Release */,
			);
			defaultConfigurationIsVisible = 0;
			defaultConfigurationName = Release;
		};
		DED886632555589000A37DC2 /* Build configuration list for PBXNativeTarget "iOSRefactoringChallengeTests" */ = {
			isa = XCConfigurationList;
			buildConfigurations = (
				DED886642555589000A37DC2 /* Debug */,
				DED886652555589000A37DC2 /* Release */,
			);
			defaultConfigurationIsVisible = 0;
			defaultConfigurationName = Release;
		};
		DED886662555589000A37DC2 /* Build configuration list for PBXNativeTarget "iOSRefactoringChallengeUITests" */ = {
			isa = XCConfigurationList;
			buildConfigurations = (
				DED886672555589000A37DC2 /* Debug */,
				DED886682555589000A37DC2 /* Release */,
			);
			defaultConfigurationIsVisible = 0;
			defaultConfigurationName = Release;
		};
/* End XCConfigurationList section */

/* Begin XCVersionGroup section */
		DED8863F2555588D00A37DC2 /* database.xcdatamodeld */ = {
			isa = XCVersionGroup;
			children = (
				DED886402555588D00A37DC2 /* iOS_candidate_challenge_for_refactor.xcdatamodel */,
			);
			currentVersion = DED886402555588D00A37DC2 /* iOS_candidate_challenge_for_refactor.xcdatamodel */;
			path = database.xcdatamodeld;
			sourceTree = "<group>";
			versionGroupType = wrapper.xcdatamodel;
		};
/* End XCVersionGroup section */
	};
	rootObject = DED886292555588D00A37DC2 /* Project object */;
}
